
Microsoft Visual Studio Solution File, Format Version 12.00
# Visual Studio Version 17
VisualStudioVersion = 17.7.34221.43
MinimumVisualStudioVersion = 10.0.40219.1
Project("{FAE04EC0-301F-11D3-BF4B-00C04F79EFBC}") = "Entities", "Entities\Entities.csproj", "{844F5DAF-0839-40F6-A871-98C4ACBCD9A0}"
EndProject
Global
	GlobalSection(SolutionConfigurationPlatforms) = preSolution
		Debug|Any CPU = Debug|Any CPU
		Release|Any CPU = Release|Any CPU
	EndGlobalSection
	GlobalSection(ProjectConfigurationPlatforms) = postSolution
		{844F5DAF-0839-40F6-A871-98C4ACBCD9A0}.Debug|Any CPU.ActiveCfg = Debug|Any CPU
		{844F5DAF-0839-40F6-A871-98C4ACBCD9A0}.Debug|Any CPU.Build.0 = Debug|Any CPU
		{844F5DAF-0839-40F6-A871-98C4ACBCD9A0}.Release|Any CPU.ActiveCfg = Release|Any CPU
		{844F5DAF-0839-40F6-A871-98C4ACBCD9A0}.Release|Any CPU.Build.0 = Release|Any CPU
	EndGlobalSection
	GlobalSection(SolutionProperties) = preSolution
		HideSolutionNode = FALSE
	EndGlobalSection
	GlobalSection(ExtensibilityGlobals) = postSolution
		SolutionGuid = {C3171A4D-7C74-4C95-B181-1E53FBCB3A03}
	EndGlobalSection
EndGlobal
